
Microsoft Visual Studio Solution File, Format Version 12.00
# Visual Studio Version 16
MinimumVisualStudioVersion = 10.0.40219.1
Project("{FAE04EC0-301F-11D3-BF4B-00C04F79EFBC}") = "EFMOffline", "EFMOffline\EFMOffline.csproj", "{637FAB0B-5ECB-47A8-B2FF-5AEE5611CF1B}"
EndProject
Global
	GlobalSection(SolutionConfigurationPlatforms) = preSolution
		Debug|Any CPU = Debug|Any CPU
		Release|Any CPU = Release|Any CPU
	EndGlobalSection
	GlobalSection(ProjectConfigurationPlatforms) = postSolution
		{637FAB0B-5ECB-47A8-B2FF-5AEE5611CF1B}.Debug|Any CPU.ActiveCfg = Debug|Any CPU
		{637FAB0B-5ECB-47A8-B2FF-5AEE5611CF1B}.Debug|Any CPU.Build.0 = Debug|Any CPU
		{637FAB0B-5ECB-47A8-B2FF-5AEE5611CF1B}.Release|Any CPU.ActiveCfg = Release|Any CPU
		{637FAB0B-5ECB-47A8-B2FF-5AEE5611CF1B}.Release|Any CPU.Build.0 = Release|Any CPU
	EndGlobalSection
	GlobalSection(SolutionProperties) = preSolution
		HideSolutionNode = FALSE
	EndGlobalSection
	GlobalSection(ExtensibilityGlobals) = postSolution
		SolutionGuid = {ACA131A9-6F85-4C7E-AC8C-947917B6EC6B}
	EndGlobalSection
EndGlobal
